
Microsoft Visual Studio Solution File, Format Version 12.00
# Visual Studio Version 17
VisualStudioVersion = 17.2.32427.441
MinimumVisualStudioVersion = 10.0.40219.1
Project("{FAE04EC0-301F-11D3-BF4B-00C04F79EFBC}") = "DemoAzureActiveDirectory", "DemoAzureActiveDirectory\DemoAzureActiveDirectory.csproj", "{1067C130-1954-43BC-86E4-F379844C9779}"
EndProject
Global
	GlobalSection(SolutionConfigurationPlatforms) = preSolution
		Debug|Any CPU = Debug|Any CPU
		Release|Any CPU = Release|Any CPU
	EndGlobalSection
	GlobalSection(ProjectConfigurationPlatforms) = postSolution
		{1067C130-1954-43BC-86E4-F379844C9779}.Debug|Any CPU.ActiveCfg = Debug|Any CPU
		{1067C130-1954-43BC-86E4-F379844C9779}.Debug|Any CPU.Build.0 = Debug|Any CPU
		{1067C130-1954-43BC-86E4-F379844C9779}.Release|Any CPU.ActiveCfg = Release|Any CPU
		{1067C130-1954-43BC-86E4-F379844C9779}.Release|Any CPU.Build.0 = Release|Any CPU
	EndGlobalSection
	GlobalSection(SolutionProperties) = preSolution
		HideSolutionNode = FALSE
	EndGlobalSection
	GlobalSection(ExtensibilityGlobals) = postSolution
		SolutionGuid = {180DB885-3DE6-4D09-A737-4CB058364312}
	EndGlobalSection
EndGlobal
